// !$*UTF8*$!
{
	archiveVersion = 1;
	classes = {
	};
	objectVersion = 46;
	objects = {

/* Begin PBXBuildFile section */
		7D26E2BB1A10F997001849FF /* main.m in Sources */ = {isa = PBXBuildFile; fileRef = 7D26E2BA1A10F997001849FF /* main.m */; };
		7D26E2BE1A10F997001849FF /* AppDelegate.m in Sources */ = {isa = PBXBuildFile; fileRef = 7D26E2BD1A10F997001849FF /* AppDelegate.m */; };
		7D26E2C11A10F997001849FF /* ViewController.m in Sources */ = {isa = PBXBuildFile; fileRef = 7D26E2C01A10F997001849FF /* ViewController.m */; };
		7D26E2C41A10F997001849FF /* Main.storyboard in Resources */ = {isa = PBXBuildFile; fileRef = 7D26E2C21A10F997001849FF /* Main.storyboard */; };
		7D26E2C61A10F997001849FF /* Images.xcassets in Resources */ = {isa = PBXBuildFile; fileRef = 7D26E2C51A10F997001849FF /* Images.xcassets */; };
		7D26E2C91A10F997001849FF /* LaunchScreen.xib in Resources */ = {isa = PBXBuildFile; fileRef = 7D26E2C71A10F997001849FF /* LaunchScreen.xib */; };
		7D26E2D51A10F997001849FF /* SquaredTests.m in Sources */ = {isa = PBXBuildFile; fileRef = 7D26E2D41A10F997001849FF /* SquaredTests.m */; };
		7D26E2E51A10FC7C001849FF /* PhotosUI.framework in Frameworks */ = {isa = PBXBuildFile; fileRef = 7D26E2E41A10FC7C001849FF /* PhotosUI.framework */; };
		7D26E2E71A10FC7C001849FF /* Photos.framework in Frameworks */ = {isa = PBXBuildFile; fileRef = 7D26E2E61A10FC7C001849FF /* Photos.framework */; };
		7D26E2ED1A10FC7C001849FF /* PhotoEditingViewController.m in Sources */ = {isa = PBXBuildFile; fileRef = 7D26E2EC1A10FC7C001849FF /* PhotoEditingViewController.m */; };
		7D26E2EF1A10FC7C001849FF /* MainInterface.storyboard in Resources */ = {isa = PBXBuildFile; fileRef = 7D26E2EE1A10FC7C001849FF /* MainInterface.storyboard */; };
		7D26E2F21A10FC7C001849FF /* Squared Extension.appex in Embed App Extensions */ = {isa = PBXBuildFile; fileRef = 7D26E2E21A10FC7C001849FF /* Squared Extension.appex */; settings = {ATTRIBUTES = (RemoveHeadersOnCopy, ); }; };
		7D26E2F91A11086D001849FF /* SeamCarve.c in Sources */ = {isa = PBXBuildFile; fileRef = 7D26E2F71A11086D001849FF /* SeamCarve.c */; };
		7DC27B621A203D4B0050E157 /* Images.xcassets in Resources */ = {isa = PBXBuildFile; fileRef = 7D26E2C51A10F997001849FF /* Images.xcassets */; };
		7DC52CA21A156C6F00947F5B /* Squared-60.png in Resources */ = {isa = PBXBuildFile; fileRef = 7DC52C961A156C6E00947F5B /* Squared-60.png */; };
		7DC52CA31A156C6F00947F5B /* Squared-60@2x.png in Resources */ = {isa = PBXBuildFile; fileRef = 7DC52C971A156C6E00947F5B /* Squared-60@2x.png */; };
		7DC52CA41A156C6F00947F5B /* Squared-60@3x.png in Resources */ = {isa = PBXBuildFile; fileRef = 7DC52C981A156C6E00947F5B /* Squared-60@3x.png */; };
		7DC52CA51A156C6F00947F5B /* Squared-76.png in Resources */ = {isa = PBXBuildFile; fileRef = 7DC52C991A156C6E00947F5B /* Squared-76.png */; };
		7DC52CA61A156C6F00947F5B /* Squared-76@2x.png in Resources */ = {isa = PBXBuildFile; fileRef = 7DC52C9A1A156C6E00947F5B /* Squared-76@2x.png */; };
		7DC52CA71A156C6F00947F5B /* Squared-AppStore.png in Resources */ = {isa = PBXBuildFile; fileRef = 7DC52C9B1A156C6E00947F5B /* Squared-AppStore.png */; };
		7DC52CA81A156C6F00947F5B /* Squared-AppStore@2x.png in Resources */ = {isa = PBXBuildFile; fileRef = 7DC52C9C1A156C6E00947F5B /* Squared-AppStore@2x.png */; };
		7DC52CA91A156C6F00947F5B /* Squared-Small-40.png in Resources */ = {isa = PBXBuildFile; fileRef = 7DC52C9D1A156C6E00947F5B /* Squared-Small-40.png */; };
		7DC52CAA1A156C6F00947F5B /* Squared-Small-40@2x.png in Resources */ = {isa = PBXBuildFile; fileRef = 7DC52C9E1A156C6E00947F5B /* Squared-Small-40@2x.png */; };
		7DC52CAB1A156C6F00947F5B /* Squared-Small.png in Resources */ = {isa = PBXBuildFile; fileRef = 7DC52C9F1A156C6E00947F5B /* Squared-Small.png */; };
		7DC52CAC1A156C6F00947F5B /* Squared-Small@2x.png in Resources */ = {isa = PBXBuildFile; fileRef = 7DC52CA01A156C6F00947F5B /* Squared-Small@2x.png */; };
		7DC52CAD1A156C6F00947F5B /* Squared-Small@3x.png in Resources */ = {isa = PBXBuildFile; fileRef = 7DC52CA11A156C6F00947F5B /* Squared-Small@3x.png */; };
		7DC52CB41A15746C00947F5B /* SeamCarveBridge.m in Sources */ = {isa = PBXBuildFile; fileRef = 7DC52CB31A15746C00947F5B /* SeamCarveBridge.m */; };
		7DC52CB51A1592DF00947F5B /* SeamCarveBridge.m in Sources */ = {isa = PBXBuildFile; fileRef = 7DC52CB31A15746C00947F5B /* SeamCarveBridge.m */; };
		7DC52CB61A1592E800947F5B /* SeamCarve.c in Sources */ = {isa = PBXBuildFile; fileRef = 7D26E2F71A11086D001849FF /* SeamCarve.c */; };
		7DD3C4011A1FB221003A7A81 /* Thaw-22.png in Resources */ = {isa = PBXBuildFile; fileRef = 7DD3C3F91A1FB221003A7A81 /* Thaw-22.png */; };
		7DD3C4021A1FB221003A7A81 /* Thaw-22.png in Resources */ = {isa = PBXBuildFile; fileRef = 7DD3C3F91A1FB221003A7A81 /* Thaw-22.png */; };
		7DD3C4031A1FB221003A7A81 /* Freeze-22.png in Resources */ = {isa = PBXBuildFile; fileRef = 7DD3C3FA1A1FB221003A7A81 /* Freeze-22.png */; };
		7DD3C4041A1FB221003A7A81 /* Freeze-22.png in Resources */ = {isa = PBXBuildFile; fileRef = 7DD3C3FA1A1FB221003A7A81 /* Freeze-22.png */; };
		7DD3C4051A1FB221003A7A81 /* Thaw-44.png in Resources */ = {isa = PBXBuildFile; fileRef = 7DD3C3FB1A1FB221003A7A81 /* Thaw-44.png */; };
		7DD3C4061A1FB221003A7A81 /* Thaw-44.png in Resources */ = {isa = PBXBuildFile; fileRef = 7DD3C3FB1A1FB221003A7A81 /* Thaw-44.png */; };
		7DD3C4071A1FB221003A7A81 /* Freeze-44.png in Resources */ = {isa = PBXBuildFile; fileRef = 7DD3C3FC1A1FB221003A7A81 /* Freeze-44.png */; };
		7DD3C4081A1FB221003A7A81 /* Freeze-44.png in Resources */ = {isa = PBXBuildFile; fileRef = 7DD3C3FC1A1FB221003A7A81 /* Freeze-44.png */; };
		7DD3C4091A1FB221003A7A81 /* Freeze-66.png in Resources */ = {isa = PBXBuildFile; fileRef = 7DD3C3FD1A1FB221003A7A81 /* Freeze-66.png */; };
		7DD3C40A1A1FB221003A7A81 /* Freeze-66.png in Resources */ = {isa = PBXBuildFile; fileRef = 7DD3C3FD1A1FB221003A7A81 /* Freeze-66.png */; };
		7DD3C40B1A1FB221003A7A81 /* Thaw-66.png in Resources */ = {isa = PBXBuildFile; fileRef = 7DD3C3FE1A1FB221003A7A81 /* Thaw-66.png */; };
		7DD3C40C1A1FB221003A7A81 /* Thaw-66.png in Resources */ = {isa = PBXBuildFile; fileRef = 7DD3C3FE1A1FB221003A7A81 /* Thaw-66.png */; };
		7DD3C40D1A1FB221003A7A81 /* Freeze.png in Resources */ = {isa = PBXBuildFile; fileRef = 7DD3C3FF1A1FB221003A7A81 /* Freeze.png */; };
		7DD3C40E1A1FB221003A7A81 /* Freeze.png in Resources */ = {isa = PBXBuildFile; fileRef = 7DD3C3FF1A1FB221003A7A81 /* Freeze.png */; };
		7DD3C40F1A1FB221003A7A81 /* Thaw.png in Resources */ = {isa = PBXBuildFile; fileRef = 7DD3C4001A1FB221003A7A81 /* Thaw.png */; };
		7DD3C4101A1FB221003A7A81 /* Thaw.png in Resources */ = {isa = PBXBuildFile; fileRef = 7DD3C4001A1FB221003A7A81 /* Thaw.png */; };
/* End PBXBuildFile section */

/* Begin PBXContainerItemProxy section */
		7D26E2CF1A10F997001849FF /* PBXContainerItemProxy */ = {
			isa = PBXContainerItemProxy;
			containerPortal = 7D26E2AD1A10F997001849FF /* Project object */;
			proxyType = 1;
			remoteGlobalIDString = 7D26E2B41A10F997001849FF;
			remoteInfo = Squared;
		};
		7D26E2F01A10FC7C001849FF /* PBXContainerItemProxy */ = {
			isa = PBXContainerItemProxy;
			containerPortal = 7D26E2AD1A10F997001849FF /* Project object */;
			proxyType = 1;
			remoteGlobalIDString = 7D26E2E11A10FC7C001849FF;
			remoteInfo = "Squared Extension";
		};
/* End PBXContainerItemProxy section */

/* Begin PBXCopyFilesBuildPhase section */
		7D26E2F61A10FC7C001849FF /* Embed App Extensions */ = {
			isa = PBXCopyFilesBuildPhase;
			buildActionMask = 2147483647;
			dstPath = "";
			dstSubfolderSpec = 13;
			files = (
				7D26E2F21A10FC7C001849FF /* Squared Extension.appex in Embed App Extensions */,
			);
			name = "Embed App Extensions";
			runOnlyForDeploymentPostprocessing = 0;
		};
/* End PBXCopyFilesBuildPhase section */

/* Begin PBXFileReference section */
		7D26E2B51A10F997001849FF /* Squared.app */ = {isa = PBXFileReference; explicitFileType = wrapper.application; includeInIndex = 0; path = Squared.app; sourceTree = BUILT_PRODUCTS_DIR; };
		7D26E2B91A10F997001849FF /* Info.plist */ = {isa = PBXFileReference; lastKnownFileType = text.plist.xml; path = Info.plist; sourceTree = "<group>"; };
		7D26E2BA1A10F997001849FF /* main.m */ = {isa = PBXFileReference; lastKnownFileType = sourcecode.c.objc; path = main.m; sourceTree = "<group>"; };
		7D26E2BC1A10F997001849FF /* AppDelegate.h */ = {isa = PBXFileReference; lastKnownFileType = sourcecode.c.h; path = AppDelegate.h; sourceTree = "<group>"; };
		7D26E2BD1A10F997001849FF /* AppDelegate.m */ = {isa = PBXFileReference; lastKnownFileType = sourcecode.c.objc; path = AppDelegate.m; sourceTree = "<group>"; };
		7D26E2BF1A10F997001849FF /* ViewController.h */ = {isa = PBXFileReference; lastKnownFileType = sourcecode.c.h; path = ViewController.h; sourceTree = "<group>"; };
		7D26E2C01A10F997001849FF /* ViewController.m */ = {isa = PBXFileReference; lastKnownFileType = sourcecode.c.objc; path = ViewController.m; sourceTree = "<group>"; };
		7D26E2C31A10F997001849FF /* Base */ = {isa = PBXFileReference; lastKnownFileType = file.storyboard; name = Base; path = Base.lproj/Main.storyboard; sourceTree = "<group>"; };
		7D26E2C51A10F997001849FF /* Images.xcassets */ = {isa = PBXFileReference; lastKnownFileType = folder.assetcatalog; path = Images.xcassets; sourceTree = "<group>"; };
		7D26E2C81A10F997001849FF /* Base */ = {isa = PBXFileReference; lastKnownFileType = file.xib; name = Base; path = Base.lproj/LaunchScreen.xib; sourceTree = "<group>"; };
		7D26E2CE1A10F997001849FF /* SquaredTests.xctest */ = {isa = PBXFileReference; explicitFileType = wrapper.cfbundle; includeInIndex = 0; path = SquaredTests.xctest; sourceTree = BUILT_PRODUCTS_DIR; };
		7D26E2D31A10F997001849FF /* Info.plist */ = {isa = PBXFileReference; lastKnownFileType = text.plist.xml; path = Info.plist; sourceTree = "<group>"; };
		7D26E2D41A10F997001849FF /* SquaredTests.m */ = {isa = PBXFileReference; lastKnownFileType = sourcecode.c.objc; path = SquaredTests.m; sourceTree = "<group>"; };
		7D26E2E21A10FC7C001849FF /* Squared Extension.appex */ = {isa = PBXFileReference; explicitFileType = "wrapper.app-extension"; includeInIndex = 0; path = "Squared Extension.appex"; sourceTree = BUILT_PRODUCTS_DIR; };
		7D26E2E41A10FC7C001849FF /* PhotosUI.framework */ = {isa = PBXFileReference; lastKnownFileType = wrapper.framework; name = PhotosUI.framework; path = System/Library/Frameworks/PhotosUI.framework; sourceTree = SDKROOT; };
		7D26E2E61A10FC7C001849FF /* Photos.framework */ = {isa = PBXFileReference; lastKnownFileType = wrapper.framework; name = Photos.framework; path = System/Library/Frameworks/Photos.framework; sourceTree = SDKROOT; };
		7D26E2EA1A10FC7C001849FF /* Info.plist */ = {isa = PBXFileReference; lastKnownFileType = text.plist.xml; path = Info.plist; sourceTree = "<group>"; };
		7D26E2EB1A10FC7C001849FF /* PhotoEditingViewController.h */ = {isa = PBXFileReference; lastKnownFileType = sourcecode.c.h; path = PhotoEditingViewController.h; sourceTree = "<group>"; };
		7D26E2EC1A10FC7C001849FF /* PhotoEditingViewController.m */ = {isa = PBXFileReference; lastKnownFileType = sourcecode.c.objc; path = PhotoEditingViewController.m; sourceTree = "<group>"; };
		7D26E2EE1A10FC7C001849FF /* MainInterface.storyboard */ = {isa = PBXFileReference; lastKnownFileType = file.storyboard; path = MainInterface.storyboard; sourceTree = "<group>"; };
		7D26E2F71A11086D001849FF /* SeamCarve.c */ = {isa = PBXFileReference; fileEncoding = 4; lastKnownFileType = sourcecode.c.c; path = SeamCarve.c; sourceTree = "<group>"; };
		7D26E2F81A11086D001849FF /* SeamCarve.h */ = {isa = PBXFileReference; fileEncoding = 4; lastKnownFileType = sourcecode.c.h; path = SeamCarve.h; sourceTree = "<group>"; };
		7DC27B581A1FDD150050E157 /* fr */ = {isa = PBXFileReference; lastKnownFileType = text.plist.strings; name = fr; path = fr.lproj/Main.strings; sourceTree = "<group>"; };
		7DC27B591A1FDD150050E157 /* fr */ = {isa = PBXFileReference; lastKnownFileType = text.plist.strings; name = fr; path = fr.lproj/LaunchScreen.strings; sourceTree = "<group>"; };
		7DC27B5A1A1FDD960050E157 /* de */ = {isa = PBXFileReference; lastKnownFileType = text.plist.strings; name = de; path = de.lproj/Main.strings; sourceTree = "<group>"; };
		7DC27B5B1A1FDD960050E157 /* de */ = {isa = PBXFileReference; lastKnownFileType = text.plist.strings; name = de; path = de.lproj/LaunchScreen.strings; sourceTree = "<group>"; };
		7DC27B5C1A1FDDE40050E157 /* es */ = {isa = PBXFileReference; lastKnownFileType = text.plist.strings; name = es; path = es.lproj/Main.strings; sourceTree = "<group>"; };
		7DC27B5D1A1FDDE40050E157 /* es */ = {isa = PBXFileReference; lastKnownFileType = text.plist.strings; name = es; path = es.lproj/LaunchScreen.strings; sourceTree = "<group>"; };
		7DC27B5E1A1FDDED0050E157 /* es-MX */ = {isa = PBXFileReference; lastKnownFileType = text.plist.strings; name = "es-MX"; path = "es-MX.lproj/Main.strings"; sourceTree = "<group>"; };
		7DC27B5F1A1FDDED0050E157 /* es-MX */ = {isa = PBXFileReference; lastKnownFileType = text.plist.strings; name = "es-MX"; path = "es-MX.lproj/LaunchScreen.strings"; sourceTree = "<group>"; };
		7DC27B601A1FE0F70050E157 /* zh-Hans */ = {isa = PBXFileReference; lastKnownFileType = text.plist.strings; name = "zh-Hans"; path = "zh-Hans.lproj/Main.strings"; sourceTree = "<group>"; };
		7DC27B611A1FE0F70050E157 /* zh-Hans */ = {isa = PBXFileReference; lastKnownFileType = text.plist.strings; name = "zh-Hans"; path = "zh-Hans.lproj/LaunchScreen.strings"; sourceTree = "<group>"; };
		7DC52C961A156C6E00947F5B /* Squared-60.png */ = {isa = PBXFileReference; lastKnownFileType = image.png; path = "Squared-60.png"; sourceTree = "<group>"; };
		7DC52C971A156C6E00947F5B /* Squared-60@2x.png */ = {isa = PBXFileReference; lastKnownFileType = image.png; path = "Squared-60@2x.png"; sourceTree = "<group>"; };
		7DC52C981A156C6E00947F5B /* Squared-60@3x.png */ = {isa = PBXFileReference; lastKnownFileType = image.png; path = "Squared-60@3x.png"; sourceTree = "<group>"; };
		7DC52C991A156C6E00947F5B /* Squared-76.png */ = {isa = PBXFileReference; lastKnownFileType = image.png; path = "Squared-76.png"; sourceTree = "<group>"; };
		7DC52C9A1A156C6E00947F5B /* Squared-76@2x.png */ = {isa = PBXFileReference; lastKnownFileType = image.png; path = "Squared-76@2x.png"; sourceTree = "<group>"; };
		7DC52C9B1A156C6E00947F5B /* Squared-AppStore.png */ = {isa = PBXFileReference; lastKnownFileType = image.png; path = "Squared-AppStore.png"; sourceTree = "<group>"; };
		7DC52C9C1A156C6E00947F5B /* Squared-AppStore@2x.png */ = {isa = PBXFileReference; lastKnownFileType = image.png; path = "Squared-AppStore@2x.png"; sourceTree = "<group>"; };
		7DC52C9D1A156C6E00947F5B /* Squared-Small-40.png */ = {isa = PBXFileReference; lastKnownFileType = image.png; path = "Squared-Small-40.png"; sourceTree = "<group>"; };
		7DC52C9E1A156C6E00947F5B /* Squared-Small-40@2x.png */ = {isa = PBXFileReference; lastKnownFileType = image.png; path = "Squared-Small-40@2x.png"; sourceTree = "<group>"; };
		7DC52C9F1A156C6E00947F5B /* Squared-Small.png */ = {isa = PBXFileReference; lastKnownFileType = image.png; path = "Squared-Small.png"; sourceTree = "<group>"; };
		7DC52CA01A156C6F00947F5B /* Squared-Small@2x.png */ = {isa = PBXFileReference; lastKnownFileType = image.png; path = "Squared-Small@2x.png"; sourceTree = "<group>"; };
		7DC52CA11A156C6F00947F5B /* Squared-Small@3x.png */ = {isa = PBXFileReference; lastKnownFileType = image.png; path = "Squared-Small@3x.png"; sourceTree = "<group>"; };
		7DC52CB21A15746C00947F5B /* SeamCarveBridge.h */ = {isa = PBXFileReference; fileEncoding = 4; lastKnownFileType = sourcecode.c.h; path = SeamCarveBridge.h; sourceTree = "<group>"; };
		7DC52CB31A15746C00947F5B /* SeamCarveBridge.m */ = {isa = PBXFileReference; fileEncoding = 4; lastKnownFileType = sourcecode.c.objc; path = SeamCarveBridge.m; sourceTree = "<group>"; };
		7DD3C3F91A1FB221003A7A81 /* Thaw-22.png */ = {isa = PBXFileReference; lastKnownFileType = image.png; path = "Thaw-22.png"; sourceTree = "<group>"; };
		7DD3C3FA1A1FB221003A7A81 /* Freeze-22.png */ = {isa = PBXFileReference; lastKnownFileType = image.png; path = "Freeze-22.png"; sourceTree = "<group>"; };
		7DD3C3FB1A1FB221003A7A81 /* Thaw-44.png */ = {isa = PBXFileReference; lastKnownFileType = image.png; path = "Thaw-44.png"; sourceTree = "<group>"; };
		7DD3C3FC1A1FB221003A7A81 /* Freeze-44.png */ = {isa = PBXFileReference; lastKnownFileType = image.png; path = "Freeze-44.png"; sourceTree = "<group>"; };
		7DD3C3FD1A1FB221003A7A81 /* Freeze-66.png */ = {isa = PBXFileReference; lastKnownFileType = image.png; path = "Freeze-66.png"; sourceTree = "<group>"; };
		7DD3C3FE1A1FB221003A7A81 /* Thaw-66.png */ = {isa = PBXFileReference; lastKnownFileType = image.png; path = "Thaw-66.png"; sourceTree = "<group>"; };
		7DD3C3FF1A1FB221003A7A81 /* Freeze.png */ = {isa = PBXFileReference; lastKnownFileType = image.png; path = Freeze.png; sourceTree = "<group>"; };
		7DD3C4001A1FB221003A7A81 /* Thaw.png */ = {isa = PBXFileReference; lastKnownFileType = image.png; path = Thaw.png; sourceTree = "<group>"; };
/* End PBXFileReference section */

/* Begin PBXFrameworksBuildPhase section */
		7D26E2B21A10F997001849FF /* Frameworks */ = {
			isa = PBXFrameworksBuildPhase;
			buildActionMask = 2147483647;
			files = (
			);
			runOnlyForDeploymentPostprocessing = 0;
		};
		7D26E2CB1A10F997001849FF /* Frameworks */ = {
			isa = PBXFrameworksBuildPhase;
			buildActionMask = 2147483647;
			files = (
			);
			runOnlyForDeploymentPostprocessing = 0;
		};
		7D26E2DF1A10FC7C001849FF /* Frameworks */ = {
			isa = PBXFrameworksBuildPhase;
			buildActionMask = 2147483647;
			files = (
				7D26E2E51A10FC7C001849FF /* PhotosUI.framework in Frameworks */,
				7D26E2E71A10FC7C001849FF /* Photos.framework in Frameworks */,
			);
			runOnlyForDeploymentPostprocessing = 0;
		};
/* End PBXFrameworksBuildPhase section */

/* Begin PBXGroup section */
		7D26E2AC1A10F997001849FF = {
			isa = PBXGroup;
			children = (
				7D26E2B71A10F997001849FF /* Squared */,
				7D26E2D11A10F997001849FF /* SquaredTests */,
				7D26E2E81A10FC7C001849FF /* Squared Extension */,
				7D26E2E31A10FC7C001849FF /* Frameworks */,
				7D26E2B61A10F997001849FF /* Products */,
			);
			sourceTree = "<group>";
		};
		7D26E2B61A10F997001849FF /* Products */ = {
			isa = PBXGroup;
			children = (
				7D26E2B51A10F997001849FF /* Squared.app */,
				7D26E2CE1A10F997001849FF /* SquaredTests.xctest */,
				7D26E2E21A10FC7C001849FF /* Squared Extension.appex */,
			);
			name = Products;
			sourceTree = "<group>";
		};
		7D26E2B71A10F997001849FF /* Squared */ = {
			isa = PBXGroup;
			children = (
				7D26E2BC1A10F997001849FF /* AppDelegate.h */,
				7D26E2BD1A10F997001849FF /* AppDelegate.m */,
				7D26E2BF1A10F997001849FF /* ViewController.h */,
				7D26E2C01A10F997001849FF /* ViewController.m */,
				7DC52CB21A15746C00947F5B /* SeamCarveBridge.h */,
				7DC52CB31A15746C00947F5B /* SeamCarveBridge.m */,
				7D26E2F81A11086D001849FF /* SeamCarve.h */,
				7D26E2F71A11086D001849FF /* SeamCarve.c */,
				7D26E2C21A10F997001849FF /* Main.storyboard */,
				7D26E2C51A10F997001849FF /* Images.xcassets */,
				7D26E2C71A10F997001849FF /* LaunchScreen.xib */,
				7D26E2B81A10F997001849FF /* Supporting Files */,
			);
			path = Squared;
			sourceTree = "<group>";
		};
		7D26E2B81A10F997001849FF /* Supporting Files */ = {
			isa = PBXGroup;
			children = (
				7DD3C3E61A1FAFA1003A7A81 /* Freeze-Thaw */,
				7DC52C951A156C6E00947F5B /* Squared */,
				7D26E2B91A10F997001849FF /* Info.plist */,
				7D26E2BA1A10F997001849FF /* main.m */,
			);
			name = "Supporting Files";
			sourceTree = "<group>";
		};
		7D26E2D11A10F997001849FF /* SquaredTests */ = {
			isa = PBXGroup;
			children = (
				7D26E2D41A10F997001849FF /* SquaredTests.m */,
				7D26E2D21A10F997001849FF /* Supporting Files */,
			);
			path = SquaredTests;
			sourceTree = "<group>";
		};
		7D26E2D21A10F997001849FF /* Supporting Files */ = {
			isa = PBXGroup;
			children = (
				7D26E2D31A10F997001849FF /* Info.plist */,
			);
			name = "Supporting Files";
			sourceTree = "<group>";
		};
		7D26E2E31A10FC7C001849FF /* Frameworks */ = {
			isa = PBXGroup;
			children = (
				7D26E2E41A10FC7C001849FF /* PhotosUI.framework */,
				7D26E2E61A10FC7C001849FF /* Photos.framework */,
			);
			name = Frameworks;
			sourceTree = "<group>";
		};
		7D26E2E81A10FC7C001849FF /* Squared Extension */ = {
			isa = PBXGroup;
			children = (
				7D26E2EB1A10FC7C001849FF /* PhotoEditingViewController.h */,
				7D26E2EC1A10FC7C001849FF /* PhotoEditingViewController.m */,
				7D26E2EE1A10FC7C001849FF /* MainInterface.storyboard */,
				7D26E2E91A10FC7C001849FF /* Supporting Files */,
			);
			path = "Squared Extension";
			sourceTree = "<group>";
		};
		7D26E2E91A10FC7C001849FF /* Supporting Files */ = {
			isa = PBXGroup;
			children = (
				7D26E2EA1A10FC7C001849FF /* Info.plist */,
			);
			name = "Supporting Files";
			sourceTree = "<group>";
		};
		7DC52C951A156C6E00947F5B /* Squared */ = {
			isa = PBXGroup;
			children = (
				7DC52C961A156C6E00947F5B /* Squared-60.png */,
				7DC52C971A156C6E00947F5B /* Squared-60@2x.png */,
				7DC52C981A156C6E00947F5B /* Squared-60@3x.png */,
				7DC52C991A156C6E00947F5B /* Squared-76.png */,
				7DC52C9A1A156C6E00947F5B /* Squared-76@2x.png */,
				7DC52C9B1A156C6E00947F5B /* Squared-AppStore.png */,
				7DC52C9C1A156C6E00947F5B /* Squared-AppStore@2x.png */,
				7DC52C9D1A156C6E00947F5B /* Squared-Small-40.png */,
				7DC52C9E1A156C6E00947F5B /* Squared-Small-40@2x.png */,
				7DC52C9F1A156C6E00947F5B /* Squared-Small.png */,
				7DC52CA01A156C6F00947F5B /* Squared-Small@2x.png */,
				7DC52CA11A156C6F00947F5B /* Squared-Small@3x.png */,
			);
			path = Squared;
			sourceTree = "<group>";
		};
		7DD3C3E61A1FAFA1003A7A81 /* Freeze-Thaw */ = {
			isa = PBXGroup;
			children = (
				7DD3C3F91A1FB221003A7A81 /* Thaw-22.png */,
				7DD3C3FA1A1FB221003A7A81 /* Freeze-22.png */,
				7DD3C3FB1A1FB221003A7A81 /* Thaw-44.png */,
				7DD3C3FC1A1FB221003A7A81 /* Freeze-44.png */,
				7DD3C3FD1A1FB221003A7A81 /* Freeze-66.png */,
				7DD3C3FE1A1FB221003A7A81 /* Thaw-66.png */,
				7DD3C3FF1A1FB221003A7A81 /* Freeze.png */,
				7DD3C4001A1FB221003A7A81 /* Thaw.png */,
			);
			name = "Freeze-Thaw";
			sourceTree = "<group>";
		};
/* End PBXGroup section */

/* Begin PBXNativeTarget section */
		7D26E2B41A10F997001849FF /* Squared */ = {
			isa = PBXNativeTarget;
			buildConfigurationList = 7D26E2D81A10F997001849FF /* Build configuration list for PBXNativeTarget "Squared" */;
			buildPhases = (
				7D26E2B11A10F997001849FF /* Sources */,
				7D26E2B21A10F997001849FF /* Frameworks */,
				7D26E2B31A10F997001849FF /* Resources */,
				7D26E2F61A10FC7C001849FF /* Embed App Extensions */,
			);
			buildRules = (
			);
			dependencies = (
				7D26E2F11A10FC7C001849FF /* PBXTargetDependency */,
			);
			name = Squared;
			productName = Squared;
			productReference = 7D26E2B51A10F997001849FF /* Squared.app */;
			productType = "com.apple.product-type.application";
		};
		7D26E2CD1A10F997001849FF /* SquaredTests */ = {
			isa = PBXNativeTarget;
			buildConfigurationList = 7D26E2DB1A10F997001849FF /* Build configuration list for PBXNativeTarget "SquaredTests" */;
			buildPhases = (
				7D26E2CA1A10F997001849FF /* Sources */,
				7D26E2CB1A10F997001849FF /* Frameworks */,
				7D26E2CC1A10F997001849FF /* Resources */,
			);
			buildRules = (
			);
			dependencies = (
				7D26E2D01A10F997001849FF /* PBXTargetDependency */,
			);
			name = SquaredTests;
			productName = SquaredTests;
			productReference = 7D26E2CE1A10F997001849FF /* SquaredTests.xctest */;
			productType = "com.apple.product-type.bundle.unit-test";
		};
		7D26E2E11A10FC7C001849FF /* Squared Extension */ = {
			isa = PBXNativeTarget;
			buildConfigurationList = 7D26E2F31A10FC7C001849FF /* Build configuration list for PBXNativeTarget "Squared Extension" */;
			buildPhases = (
				7D26E2DE1A10FC7C001849FF /* Sources */,
				7D26E2DF1A10FC7C001849FF /* Frameworks */,
				7D26E2E01A10FC7C001849FF /* Resources */,
			);
			buildRules = (
			);
			dependencies = (
			);
			name = "Squared Extension";
			productName = "Squared Extension";
			productReference = 7D26E2E21A10FC7C001849FF /* Squared Extension.appex */;
			productType = "com.apple.product-type.app-extension";
		};
/* End PBXNativeTarget section */

/* Begin PBXProject section */
		7D26E2AD1A10F997001849FF /* Project object */ = {
			isa = PBXProject;
			attributes = {
				LastUpgradeCheck = 0610;
				ORGANIZATIONNAME = "Christopher Stoll";
				TargetAttributes = {
					7D26E2B41A10F997001849FF = {
						CreatedOnToolsVersion = 6.1;
						DevelopmentTeam = SKWNJR3SRG;
					};
					7D26E2CD1A10F997001849FF = {
						CreatedOnToolsVersion = 6.1;
						TestTargetID = 7D26E2B41A10F997001849FF;
					};
					7D26E2E11A10FC7C001849FF = {
						CreatedOnToolsVersion = 6.1;
						DevelopmentTeam = SKWNJR3SRG;
					};
				};
			};
			buildConfigurationList = 7D26E2B01A10F997001849FF /* Build configuration list for PBXProject "Squared" */;
			compatibilityVersion = "Xcode 3.2";
			developmentRegion = English;
			hasScannedForEncodings = 0;
			knownRegions = (
				en,
				Base,
			);
			mainGroup = 7D26E2AC1A10F997001849FF;
			productRefGroup = 7D26E2B61A10F997001849FF /* Products */;
			projectDirPath = "";
			projectRoot = "";
			targets = (
				7D26E2B41A10F997001849FF /* Squared */,
				7D26E2CD1A10F997001849FF /* SquaredTests */,
				7D26E2E11A10FC7C001849FF /* Squared Extension */,
			);
		};
/* End PBXProject section */

/* Begin PBXResourcesBuildPhase section */
		7D26E2B31A10F997001849FF /* Resources */ = {
			isa = PBXResourcesBuildPhase;
			buildActionMask = 2147483647;
			files = (
				7DC52CA91A156C6F00947F5B /* Squared-Small-40.png in Resources */,
				7DC52CA71A156C6F00947F5B /* Squared-AppStore.png in Resources */,
				7DD3C4031A1FB221003A7A81 /* Freeze-22.png in Resources */,
				7DC52CA31A156C6F00947F5B /* Squared-60@2x.png in Resources */,
				7DD3C4011A1FB221003A7A81 /* Thaw-22.png in Resources */,
				7D26E2C41A10F997001849FF /* Main.storyboard in Resources */,
				7DD3C40D1A1FB221003A7A81 /* Freeze.png in Resources */,
				7DD3C4071A1FB221003A7A81 /* Freeze-44.png in Resources */,
				7DC52CAB1A156C6F00947F5B /* Squared-Small.png in Resources */,
				7DC52CA21A156C6F00947F5B /* Squared-60.png in Resources */,
				7DC52CA51A156C6F00947F5B /* Squared-76.png in Resources */,
				7DC52CA41A156C6F00947F5B /* Squared-60@3x.png in Resources */,
				7DC52CAD1A156C6F00947F5B /* Squared-Small@3x.png in Resources */,
				7DD3C40B1A1FB221003A7A81 /* Thaw-66.png in Resources */,
				7DC52CAC1A156C6F00947F5B /* Squared-Small@2x.png in Resources */,
				7DC52CA81A156C6F00947F5B /* Squared-AppStore@2x.png in Resources */,
				7DD3C4091A1FB221003A7A81 /* Freeze-66.png in Resources */,
				7DC52CAA1A156C6F00947F5B /* Squared-Small-40@2x.png in Resources */,
				7DC52CA61A156C6F00947F5B /* Squared-76@2x.png in Resources */,
				7DD3C40F1A1FB221003A7A81 /* Thaw.png in Resources */,
				7DD3C4051A1FB221003A7A81 /* Thaw-44.png in Resources */,
				7D26E2C91A10F997001849FF /* LaunchScreen.xib in Resources */,
				7D26E2C61A10F997001849FF /* Images.xcassets in Resources */,
			);
			runOnlyForDeploymentPostprocessing = 0;
		};
		7D26E2CC1A10F997001849FF /* Resources */ = {
			isa = PBXResourcesBuildPhase;
			buildActionMask = 2147483647;
			files = (
			);
			runOnlyForDeploymentPostprocessing = 0;
		};
		7D26E2E01A10FC7C001849FF /* Resources */ = {
			isa = PBXResourcesBuildPhase;
			buildActionMask = 2147483647;
			files = (
				7DD3C4101A1FB221003A7A81 /* Thaw.png in Resources */,
				7DC27B621A203D4B0050E157 /* Images.xcassets in Resources */,
				7D26E2EF1A10FC7C001849FF /* MainInterface.storyboard in Resources */,
				7DD3C4021A1FB221003A7A81 /* Thaw-22.png in Resources */,
				7DD3C40A1A1FB221003A7A81 /* Freeze-66.png in Resources */,
				7DD3C4041A1FB221003A7A81 /* Freeze-22.png in Resources */,
				7DD3C4081A1FB221003A7A81 /* Freeze-44.png in Resources */,
				7DD3C40C1A1FB221003A7A81 /* Thaw-66.png in Resources */,
				7DD3C40E1A1FB221003A7A81 /* Freeze.png in Resources */,
				7DD3C4061A1FB221003A7A81 /* Thaw-44.png in Resources */,
			);
			runOnlyForDeploymentPostprocessing = 0;
		};
/* End PBXResourcesBuildPhase section */

/* Begin PBXSourcesBuildPhase section */
		7D26E2B11A10F997001849FF /* Sources */ = {
			isa = PBXSourcesBuildPhase;
			buildActionMask = 2147483647;
			files = (
				7DC52CB41A15746C00947F5B /* SeamCarveBridge.m in Sources */,
				7D26E2C11A10F997001849FF /* ViewController.m in Sources */,
				7D26E2BE1A10F997001849FF /* AppDelegate.m in Sources */,
				7D26E2BB1A10F997001849FF /* main.m in Sources */,
				7D26E2F91A11086D001849FF /* SeamCarve.c in Sources */,
			);
			runOnlyForDeploymentPostprocessing = 0;
		};
		7D26E2CA1A10F997001849FF /* Sources */ = {
			isa = PBXSourcesBuildPhase;
			buildActionMask = 2147483647;
			files = (
				7D26E2D51A10F997001849FF /* SquaredTests.m in Sources */,
			);
			runOnlyForDeploymentPostprocessing = 0;
		};
		7D26E2DE1A10FC7C001849FF /* Sources */ = {
			isa = PBXSourcesBuildPhase;
			buildActionMask = 2147483647;
			files = (
				7DC52CB51A1592DF00947F5B /* SeamCarveBridge.m in Sources */,
				7DC52CB61A1592E800947F5B /* SeamCarve.c in Sources */,
				7D26E2ED1A10FC7C001849FF /* PhotoEditingViewController.m in Sources */,
			);
			runOnlyForDeploymentPostprocessing = 0;
		};
/* End PBXSourcesBuildPhase section */

/* Begin PBXTargetDependency section */
		7D26E2D01A10F997001849FF /* PBXTargetDependency */ = {
			isa = PBXTargetDependency;
			target = 7D26E2B41A10F997001849FF /* Squared */;
			targetProxy = 7D26E2CF1A10F997001849FF /* PBXContainerItemProxy */;
		};
		7D26E2F11A10FC7C001849FF /* PBXTargetDependency */ = {
			isa = PBXTargetDependency;
			target = 7D26E2E11A10FC7C001849FF /* Squared Extension */;
			targetProxy = 7D26E2F01A10FC7C001849FF /* PBXContainerItemProxy */;
		};
/* End PBXTargetDependency section */

/* Begin PBXVariantGroup section */
		7D26E2C21A10F997001849FF /* Main.storyboard */ = {
			isa = PBXVariantGroup;
			children = (
				7D26E2C31A10F997001849FF /* Base */,
				7DC27B581A1FDD150050E157 /* fr */,
				7DC27B5A1A1FDD960050E157 /* de */,
				7DC27B5C1A1FDDE40050E157 /* es */,
				7DC27B5E1A1FDDED0050E157 /* es-MX */,
				7DC27B601A1FE0F70050E157 /* zh-Hans */,
			);
			name = Main.storyboard;
			sourceTree = "<group>";
		};
		7D26E2C71A10F997001849FF /* LaunchScreen.xib */ = {
			isa = PBXVariantGroup;
			children = (
				7D26E2C81A10F997001849FF /* Base */,
				7DC27B591A1FDD150050E157 /* fr */,
				7DC27B5B1A1FDD960050E157 /* de */,
				7DC27B5D1A1FDDE40050E157 /* es */,
				7DC27B5F1A1FDDED0050E157 /* es-MX */,
				7DC27B611A1FE0F70050E157 /* zh-Hans */,
			);
			name = LaunchScreen.xib;
			sourceTree = "<group>";
		};
/* End PBXVariantGroup section */

/* Begin XCBuildConfiguration section */
		7D26E2D61A10F997001849FF /* Debug */ = {
			isa = XCBuildConfiguration;
			buildSettings = {
				ALWAYS_SEARCH_USER_PATHS = NO;
				CLANG_CXX_LANGUAGE_STANDARD = "gnu++0x";
				CLANG_CXX_LIBRARY = "libc++";
				CLANG_ENABLE_MODULES = YES;
				CLANG_ENABLE_OBJC_ARC = YES;
				CLANG_WARN_BOOL_CONVERSION = YES;
				CLANG_WARN_CONSTANT_CONVERSION = YES;
				CLANG_WARN_DIRECT_OBJC_ISA_USAGE = YES_ERROR;
				CLANG_WARN_EMPTY_BODY = YES;
				CLANG_WARN_ENUM_CONVERSION = YES;
				CLANG_WARN_INT_CONVERSION = YES;
				CLANG_WARN_OBJC_ROOT_CLASS = YES_ERROR;
				CLANG_WARN_UNREACHABLE_CODE = YES;
				CLANG_WARN__DUPLICATE_METHOD_MATCH = YES;
				"CODE_SIGN_IDENTITY[sdk=iphoneos*]" = "iPhone Developer";
				COPY_PHASE_STRIP = NO;
				ENABLE_STRICT_OBJC_MSGSEND = YES;
				GCC_C_LANGUAGE_STANDARD = gnu99;
				GCC_DYNAMIC_NO_PIC = NO;
				GCC_OPTIMIZATION_LEVEL = 0;
				GCC_PREPROCESSOR_DEFINITIONS = (
					"DEBUG=1",
					"$(inherited)",
				);
				GCC_SYMBOLS_PRIVATE_EXTERN = NO;
				GCC_WARN_64_TO_32_BIT_CONVERSION = YES;
				GCC_WARN_ABOUT_RETURN_TYPE = YES_ERROR;
				GCC_WARN_UNDECLARED_SELECTOR = YES;
				GCC_WARN_UNINITIALIZED_AUTOS = YES_AGGRESSIVE;
				GCC_WARN_UNUSED_FUNCTION = YES;
				GCC_WARN_UNUSED_VARIABLE = YES;
				IPHONEOS_DEPLOYMENT_TARGET = 8.1;
				MTL_ENABLE_DEBUG_INFO = YES;
				ONLY_ACTIVE_ARCH = YES;
				SDKROOT = iphoneos;
				TARGETED_DEVICE_FAMILY = "1,2";
			};
			name = Debug;
		};
		7D26E2D71A10F997001849FF /* Release */ = {
			isa = XCBuildConfiguration;
			buildSettings = {
				ALWAYS_SEARCH_USER_PATHS = NO;
				CLANG_CXX_LANGUAGE_STANDARD = "gnu++0x";
				CLANG_CXX_LIBRARY = "libc++";
				CLANG_ENABLE_MODULES = YES;
				CLANG_ENABLE_OBJC_ARC = YES;
				CLANG_WARN_BOOL_CONVERSION = YES;
				CLANG_WARN_CONSTANT_CONVERSION = YES;
				CLANG_WARN_DIRECT_OBJC_ISA_USAGE = YES_ERROR;
				CLANG_WARN_EMPTY_BODY = YES;
				CLANG_WARN_ENUM_CONVERSION = YES;
				CLANG_WARN_INT_CONVERSION = YES;
				CLANG_WARN_OBJC_ROOT_CLASS = YES_ERROR;
				CLANG_WARN_UNREACHABLE_CODE = YES;
				CLANG_WARN__DUPLICATE_METHOD_MATCH = YES;
				"CODE_SIGN_IDENTITY[sdk=iphoneos*]" = "iPhone Developer";
				COPY_PHASE_STRIP = YES;
				ENABLE_NS_ASSERTIONS = NO;
				ENABLE_STRICT_OBJC_MSGSEND = YES;
				GCC_C_LANGUAGE_STANDARD = gnu99;
				GCC_WARN_64_TO_32_BIT_CONVERSION = YES;
				GCC_WARN_ABOUT_RETURN_TYPE = YES_ERROR;
				GCC_WARN_UNDECLARED_SELECTOR = YES;
				GCC_WARN_UNINITIALIZED_AUTOS = YES_AGGRESSIVE;
				GCC_WARN_UNUSED_FUNCTION = YES;
				GCC_WARN_UNUSED_VARIABLE = YES;
				IPHONEOS_DEPLOYMENT_TARGET = 8.1;
				MTL_ENABLE_DEBUG_INFO = NO;
				SDKROOT = iphoneos;
				TARGETED_DEVICE_FAMILY = "1,2";
				VALIDATE_PRODUCT = YES;
			};
			name = Release;
		};
		7D26E2D91A10F997001849FF /* Debug */ = {
			isa = XCBuildConfiguration;
			buildSettings = {
				ASSETCATALOG_COMPILER_APPICON_NAME = AppIcon;
				CODE_SIGN_IDENTITY = "iPhone Developer";
				INFOPLIST_FILE = Squared/Info.plist;
				LD_RUNPATH_SEARCH_PATHS = "$(inherited) @executable_path/Frameworks";
				PRODUCT_NAME = "$(TARGET_NAME)";
			};
			name = Debug;
		};
		7D26E2DA1A10F997001849FF /* Release */ = {
			isa = XCBuildConfiguration;
			buildSettings = {
				ASSETCATALOG_COMPILER_APPICON_NAME = AppIcon;
				CODE_SIGN_IDENTITY = "iPhone Developer";
				INFOPLIST_FILE = Squared/Info.plist;
				LD_RUNPATH_SEARCH_PATHS = "$(inherited) @executable_path/Frameworks";
				PRODUCT_NAME = "$(TARGET_NAME)";
			};
			name = Release;
		};
		7D26E2DC1A10F997001849FF /* Debug */ = {
			isa = XCBuildConfiguration;
			buildSettings = {
				BUNDLE_LOADER = "$(TEST_HOST)";
				FRAMEWORK_SEARCH_PATHS = (
					"$(SDKROOT)/Developer/Library/Frameworks",
					"$(inherited)",
				);
				GCC_PREPROCESSOR_DEFINITIONS = (
					"DEBUG=1",
					"$(inherited)",
				);
				INFOPLIST_FILE = SquaredTests/Info.plist;
				LD_RUNPATH_SEARCH_PATHS = "$(inherited) @executable_path/Frameworks @loader_path/Frameworks";
				PRODUCT_NAME = "$(TARGET_NAME)";
				TEST_HOST = "$(BUILT_PRODUCTS_DIR)/Squared.app/Squared";
			};
			name = Debug;
		};
		7D26E2DD1A10F997001849FF /* Release */ = {
			isa = XCBuildConfiguration;
			buildSettings = {
				BUNDLE_LOADER = "$(TEST_HOST)";
				FRAMEWORK_SEARCH_PATHS = (
					"$(SDKROOT)/Developer/Library/Frameworks",
					"$(inherited)",
				);
				INFOPLIST_FILE = SquaredTests/Info.plist;
				LD_RUNPATH_SEARCH_PATHS = "$(inherited) @executable_path/Frameworks @loader_path/Frameworks";
				PRODUCT_NAME = "$(TARGET_NAME)";
				TEST_HOST = "$(BUILT_PRODUCTS_DIR)/Squared.app/Squared";
			};
			name = Release;
		};
		7D26E2F41A10FC7C001849FF /* Debug */ = {
			isa = XCBuildConfiguration;
			buildSettings = {
				CODE_SIGN_IDENTITY = "iPhone Developer";
				GCC_PREPROCESSOR_DEFINITIONS = (
					"DEBUG=1",
					"$(inherited)",
				);
				INFOPLIST_FILE = "Squared Extension/Info.plist";
				LD_RUNPATH_SEARCH_PATHS = "$(inherited) @executable_path/Frameworks @executable_path/../../Frameworks";
				PRODUCT_NAME = "$(TARGET_NAME)";
				SKIP_INSTALL = YES;
			};
			name = Debug;
		};
		7D26E2F51A10FC7C001849FF /* Release */ = {
			isa = XCBuildConfiguration;
			buildSettings = {
				CODE_SIGN_IDENTITY = "iPhone Developer";
				INFOPLIST_FILE = "Squared Extension/Info.plist";
				LD_RUNPATH_SEARCH_PATHS = "$(inherited) @executable_path/Frameworks @executable_path/../../Frameworks";
				PRODUCT_NAME = "$(TARGET_NAME)";
				SKIP_INSTALL = YES;
			};
			name = Release;
		};
/* End XCBuildConfiguration section */

/* Begin XCConfigurationList section */
		7D26E2B01A10F997001849FF /* Build configuration list for PBXProject "Squared" */ = {
			isa = XCConfigurationList;
			buildConfigurations = (
				7D26E2D61A10F997001849FF /* Debug */,
				7D26E2D71A10F997001849FF /* Release */,
			);
			defaultConfigurationIsVisible = 0;
			defaultConfigurationName = Release;
		};
		7D26E2D81A10F997001849FF /* Build configuration list for PBXNativeTarget "Squared" */ = {
			isa = XCConfigurationList;
			buildConfigurations = (
				7D26E2D91A10F997001849FF /* Debug */,
				7D26E2DA1A10F997001849FF /* Release */,
			);
			defaultConfigurationIsVisible = 0;
			defaultConfigurationName = Release;
		};
		7D26E2DB1A10F997001849FF /* Build configuration list for PBXNativeTarget "SquaredTests" */ = {
			isa = XCConfigurationList;
			buildConfigurations = (
				7D26E2DC1A10F997001849FF /* Debug */,
				7D26E2DD1A10F997001849FF /* Release */,
			);
			defaultConfigurationIsVisible = 0;
			defaultConfigurationName = Release;
		};
		7D26E2F31A10FC7C001849FF /* Build configuration list for PBXNativeTarget "Squared Extension" */ = {
			isa = XCConfigurationList;
			buildConfigurations = (
				7D26E2F41A10FC7C001849FF /* Debug */,
				7D26E2F51A10FC7C001849FF /* Release */,
			);
			defaultConfigurationIsVisible = 0;
			defaultConfigurationName = Release;
		};
/* End XCConfigurationList section */
	};
	rootObject = 7D26E2AD1A10F997001849FF /* Project object */;
}
